
Microsoft Visual Studio Solution File, Format Version 12.00
# Visual Studio Version 17
VisualStudioVersion = 17.14.36221.1 d17.14
MinimumVisualStudioVersion = 10.0.40219.1
Project("{FAE04EC0-301F-11D3-BF4B-00C04F79EFBC}") = "Rodrigo_ACTIVITY 10 Queue in OOP Approach", "Rodrigo_ACTIVITY 10 Queue in OOP Approach\Rodrigo_ACTIVITY 10 Queue in OOP Approach.csproj", "{F13B83DF-7B63-45B1-92BD-ACF3DDF26103}"
EndProject
Global
	GlobalSection(SolutionConfigurationPlatforms) = preSolution
		Debug|Any CPU = Debug|Any CPU
		Release|Any CPU = Release|Any CPU
	EndGlobalSection
	GlobalSection(ProjectConfigurationPlatforms) = postSolution
		{F13B83DF-7B63-45B1-92BD-ACF3DDF26103}.Debug|Any CPU.ActiveCfg = Debug|Any CPU
		{F13B83DF-7B63-45B1-92BD-ACF3DDF26103}.Debug|Any CPU.Build.0 = Debug|Any CPU
		{F13B83DF-7B63-45B1-92BD-ACF3DDF26103}.Release|Any CPU.ActiveCfg = Release|Any CPU
		{F13B83DF-7B63-45B1-92BD-ACF3DDF26103}.Release|Any CPU.Build.0 = Release|Any CPU
	EndGlobalSection
	GlobalSection(SolutionProperties) = preSolution
		HideSolutionNode = FALSE
	EndGlobalSection
	GlobalSection(ExtensibilityGlobals) = postSolution
		SolutionGuid = {3813216C-E951-4B64-9139-5BF95DDA8C12}
	EndGlobalSection
EndGlobal
