
Microsoft Visual Studio Solution File, Format Version 12.00
# Visual Studio Version 17
VisualStudioVersion = 17.14.36221.1 d17.14
MinimumVisualStudioVersion = 10.0.40219.1
Project("{FAE04EC0-301F-11D3-BF4B-00C04F79EFBC}") = "Rodrigo_Act 8  Linked List in OOP", "Rodrigo_Act 8  Linked List in OOP\Rodrigo_Act 8  Linked List in OOP.csproj", "{9DB24A20-AB9E-4279-919B-13D974082A60}"
EndProject
Global
	GlobalSection(SolutionConfigurationPlatforms) = preSolution
		Debug|Any CPU = Debug|Any CPU
		Release|Any CPU = Release|Any CPU
	EndGlobalSection
	GlobalSection(ProjectConfigurationPlatforms) = postSolution
		{9DB24A20-AB9E-4279-919B-13D974082A60}.Debug|Any CPU.ActiveCfg = Debug|Any CPU
		{9DB24A20-AB9E-4279-919B-13D974082A60}.Debug|Any CPU.Build.0 = Debug|Any CPU
		{9DB24A20-AB9E-4279-919B-13D974082A60}.Release|Any CPU.ActiveCfg = Release|Any CPU
		{9DB24A20-AB9E-4279-919B-13D974082A60}.Release|Any CPU.Build.0 = Release|Any CPU
	EndGlobalSection
	GlobalSection(SolutionProperties) = preSolution
		HideSolutionNode = FALSE
	EndGlobalSection
	GlobalSection(ExtensibilityGlobals) = postSolution
		SolutionGuid = {B1A600AE-AA00-43A3-89EA-58761AC24AB2}
	EndGlobalSection
EndGlobal
