
Microsoft Visual Studio Solution File, Format Version 12.00
# Visual Studio Version 17
VisualStudioVersion = 17.14.36221.1 d17.14
MinimumVisualStudioVersion = 10.0.40219.1
Project("{FAE04EC0-301F-11D3-BF4B-00C04F79EFBC}") = "Rodrigo_ACTIVITY 7 InsertingNodeswithExceptionHandling", "Rodrigo_ACTIVITY 7 InsertingNodeswithExceptionHandling\Rodrigo_ACTIVITY 7 InsertingNodeswithExceptionHandling.csproj", "{EB2008F8-9A50-4F59-AA9D-74E5D7658D08}"
EndProject
Global
	GlobalSection(SolutionConfigurationPlatforms) = preSolution
		Debug|Any CPU = Debug|Any CPU
		Release|Any CPU = Release|Any CPU
	EndGlobalSection
	GlobalSection(ProjectConfigurationPlatforms) = postSolution
		{EB2008F8-9A50-4F59-AA9D-74E5D7658D08}.Debug|Any CPU.ActiveCfg = Debug|Any CPU
		{EB2008F8-9A50-4F59-AA9D-74E5D7658D08}.Debug|Any CPU.Build.0 = Debug|Any CPU
		{EB2008F8-9A50-4F59-AA9D-74E5D7658D08}.Release|Any CPU.ActiveCfg = Release|Any CPU
		{EB2008F8-9A50-4F59-AA9D-74E5D7658D08}.Release|Any CPU.Build.0 = Release|Any CPU
	EndGlobalSection
	GlobalSection(SolutionProperties) = preSolution
		HideSolutionNode = FALSE
	EndGlobalSection
	GlobalSection(ExtensibilityGlobals) = postSolution
		SolutionGuid = {85697CC3-708B-4DA7-90B6-26B7FAD4CE6C}
	EndGlobalSection
EndGlobal
